
Microsoft Visual Studio Solution File, Format Version 12.00
# Visual Studio Version 17
VisualStudioVersion = 17.4.33213.308
MinimumVisualStudioVersion = 10.0.40219.1
Project("{FAE04EC0-301F-11D3-BF4B-00C04F79EFBC}") = "MagicVilla_VillaAPI", "MagicVilla_VillaAPI\MagicVilla_VillaAPI.csproj", "{EC2CD41E-DB99-437F-B924-FE4207A49C6A}"
EndProject
Global
	GlobalSection(SolutionConfigurationPlatforms) = preSolution
		Debug|Any CPU = Debug|Any CPU
		Release|Any CPU = Release|Any CPU
	EndGlobalSection
	GlobalSection(ProjectConfigurationPlatforms) = postSolution
		{EC2CD41E-DB99-437F-B924-FE4207A49C6A}.Debug|Any CPU.ActiveCfg = Debug|Any CPU
		{EC2CD41E-DB99-437F-B924-FE4207A49C6A}.Debug|Any CPU.Build.0 = Debug|Any CPU
		{EC2CD41E-DB99-437F-B924-FE4207A49C6A}.Release|Any CPU.ActiveCfg = Release|Any CPU
		{EC2CD41E-DB99-437F-B924-FE4207A49C6A}.Release|Any CPU.Build.0 = Release|Any CPU
	EndGlobalSection
	GlobalSection(SolutionProperties) = preSolution
		HideSolutionNode = FALSE
	EndGlobalSection
	GlobalSection(ExtensibilityGlobals) = postSolution
		SolutionGuid = {41143BBB-472C-477E-976E-E5FDF9AC6D2A}
	EndGlobalSection
EndGlobal
